// !$*UTF8*$!
{
	archiveVersion = 1;
	classes = {
	};
	objectVersion = 55;
	objects = {

/* Begin PBXBuildFile section */
		5B420ABD2875E3D800306BBB /* join-sections.c in Sources */ = {isa = PBXBuildFile; fileRef = 5B420ABC2875E3D800306BBB /* join-sections.c */; };
		5B4646B52868E7BA0008E16A /* internal.c in Sources */ = {isa = PBXBuildFile; fileRef = 5B46469C2868E4F90008E16A /* internal.c */; };
		5B4646BA2868E9530008E16A /* iface.c in Sources */ = {isa = PBXBuildFile; fileRef = 5B4646B82868E9530008E16A /* iface.c */; };
		5B4646BE2868EC8C0008E16A /* main.c in Sources */ = {isa = PBXBuildFile; fileRef = 5B4646BD2868EC8C0008E16A /* main.c */; };
		5BFC19762867D0E60045967A /* typeasc.c in Sources */ = {isa = PBXBuildFile; fileRef = 5BFC19732867D0E60045967A /* typeasc.c */; };
		5BFC19772867D0E60045967A /* type.c in Sources */ = {isa = PBXBuildFile; fileRef = 5BFC19742867D0E60045967A /* type.c */; };
/* End PBXBuildFile section */

/* Begin PBXCopyFilesBuildPhase section */
		5B420AB32875E39100306BBB /* CopyFiles */ = {
			isa = PBXCopyFilesBuildPhase;
			buildActionMask = 2147483647;
			dstPath = /usr/share/man/man1/;
			dstSubfolderSpec = 0;
			files = (
			);
			runOnlyForDeploymentPostprocessing = 1;
		};
		5B4646A02868E5820008E16A /* CopyFiles */ = {
			isa = PBXCopyFilesBuildPhase;
			buildActionMask = 2147483647;
			dstPath = /usr/share/man/man1/;
			dstSubfolderSpec = 0;
			files = (
			);
			runOnlyForDeploymentPostprocessing = 1;
		};
		5B4646AC2868E7850008E16A /* CopyFiles */ = {
			isa = PBXCopyFilesBuildPhase;
			buildActionMask = 2147483647;
			dstPath = /usr/share/man/man1/;
			dstSubfolderSpec = 0;
			files = (
			);
			runOnlyForDeploymentPostprocessing = 1;
		};
		5BFC195D2867CFDE0045967A /* CopyFiles */ = {
			isa = PBXCopyFilesBuildPhase;
			buildActionMask = 2147483647;
			dstPath = /usr/share/man/man1/;
			dstSubfolderSpec = 0;
			files = (
			);
			runOnlyForDeploymentPostprocessing = 1;
		};
		5BFC19682867CFEB0045967A /* CopyFiles */ = {
			isa = PBXCopyFilesBuildPhase;
			buildActionMask = 2147483647;
			dstPath = /usr/share/man/man1/;
			dstSubfolderSpec = 0;
			files = (
			);
			runOnlyForDeploymentPostprocessing = 1;
		};
/* End PBXCopyFilesBuildPhase section */

/* Begin PBXFileReference section */
		5B420AB52875E39100306BBB /* join-sections */ = {isa = PBXFileReference; explicitFileType = "compiled.mach-o.executable"; includeInIndex = 0; path = "join-sections"; sourceTree = BUILT_PRODUCTS_DIR; };
		5B420ABC2875E3D800306BBB /* join-sections.c */ = {isa = PBXFileReference; fileEncoding = 4; lastKnownFileType = sourcecode.c.c; name = "join-sections.c"; path = "../join-sections.c"; sourceTree = "<group>"; };
		5B420ABE2875E58F00306BBB /* joincode.sh */ = {isa = PBXFileReference; lastKnownFileType = text.script.sh; name = joincode.sh; path = ../joincode.sh; sourceTree = "<group>"; };
		5B46469C2868E4F90008E16A /* internal.c */ = {isa = PBXFileReference; fileEncoding = 4; lastKnownFileType = sourcecode.c.c; path = internal.c; sourceTree = "<group>"; };
		5B4646A22868E5820008E16A /* sections-ascii */ = {isa = PBXFileReference; explicitFileType = "compiled.mach-o.executable"; includeInIndex = 0; path = "sections-ascii"; sourceTree = BUILT_PRODUCTS_DIR; };
		5B4646AE2868E7850008E16A /* sections-utf8 */ = {isa = PBXFileReference; explicitFileType = "compiled.mach-o.executable"; includeInIndex = 0; path = "sections-utf8"; sourceTree = BUILT_PRODUCTS_DIR; };
		5B4646B72868E8B00008E16A /* types.h */ = {isa = PBXFileReference; fileEncoding = 4; lastKnownFileType = sourcecode.c.h; path = types.h; sourceTree = "<group>"; };
		5B4646B82868E9530008E16A /* iface.c */ = {isa = PBXFileReference; fileEncoding = 4; lastKnownFileType = sourcecode.c.c; path = iface.c; sourceTree = "<group>"; };
		5B4646B92868E9530008E16A /* iface.h */ = {isa = PBXFileReference; fileEncoding = 4; lastKnownFileType = sourcecode.c.h; path = iface.h; sourceTree = "<group>"; };
		5B4646BC2868EC8B0008E16A /* internal.h */ = {isa = PBXFileReference; fileEncoding = 4; lastKnownFileType = sourcecode.c.h; path = internal.h; sourceTree = "<group>"; };
		5B4646BD2868EC8C0008E16A /* main.c */ = {isa = PBXFileReference; fileEncoding = 4; lastKnownFileType = sourcecode.c.c; path = main.c; sourceTree = "<group>"; };
		5B8D3FEC286F849600A41B40 /* head-asc.h */ = {isa = PBXFileReference; lastKnownFileType = sourcecode.c.h; path = "head-asc.h"; sourceTree = "<group>"; };
		5B8D3FED286F89AE00A41B40 /* includes.h */ = {isa = PBXFileReference; lastKnownFileType = sourcecode.c.h; path = includes.h; sourceTree = "<group>"; };
		5BF0F4072869F81100A3D984 /* head-utf.h */ = {isa = PBXFileReference; lastKnownFileType = sourcecode.c.h; path = "head-utf.h"; sourceTree = "<group>"; };
		5BFC195F2867CFDE0045967A /* type */ = {isa = PBXFileReference; explicitFileType = "compiled.mach-o.executable"; includeInIndex = 0; path = type; sourceTree = BUILT_PRODUCTS_DIR; };
		5BFC196A2867CFEB0045967A /* typeasc */ = {isa = PBXFileReference; explicitFileType = "compiled.mach-o.executable"; includeInIndex = 0; path = typeasc; sourceTree = BUILT_PRODUCTS_DIR; };
		5BFC19712867D0AF0045967A /* linepro.h */ = {isa = PBXFileReference; fileEncoding = 4; lastKnownFileType = sourcecode.c.h; name = linepro.h; path = ../../linepro.h; sourceTree = "<group>"; };
		5BFC19722867D0AF0045967A /* lineproa.h */ = {isa = PBXFileReference; fileEncoding = 4; lastKnownFileType = sourcecode.c.h; name = lineproa.h; path = ../../lineproa.h; sourceTree = "<group>"; };
		5BFC19732867D0E60045967A /* typeasc.c */ = {isa = PBXFileReference; fileEncoding = 4; lastKnownFileType = sourcecode.c.c; name = typeasc.c; path = ../examples/typeasc.c; sourceTree = "<group>"; };
		5BFC19742867D0E60045967A /* type.c */ = {isa = PBXFileReference; fileEncoding = 4; lastKnownFileType = sourcecode.c.c; name = type.c; path = ../examples/type.c; sourceTree = "<group>"; };
/* End PBXFileReference section */

/* Begin PBXFrameworksBuildPhase section */
		5B420AB22875E39100306BBB /* Frameworks */ = {
			isa = PBXFrameworksBuildPhase;
			buildActionMask = 2147483647;
			files = (
			);
			runOnlyForDeploymentPostprocessing = 0;
		};
		5B46469F2868E5820008E16A /* Frameworks */ = {
			isa = PBXFrameworksBuildPhase;
			buildActionMask = 2147483647;
			files = (
			);
			runOnlyForDeploymentPostprocessing = 0;
		};
		5B4646AB2868E7850008E16A /* Frameworks */ = {
			isa = PBXFrameworksBuildPhase;
			buildActionMask = 2147483647;
			files = (
			);
			runOnlyForDeploymentPostprocessing = 0;
		};
		5BFC195C2867CFDE0045967A /* Frameworks */ = {
			isa = PBXFrameworksBuildPhase;
			buildActionMask = 2147483647;
			files = (
			);
			runOnlyForDeploymentPostprocessing = 0;
		};
		5BFC19672867CFEB0045967A /* Frameworks */ = {
			isa = PBXFrameworksBuildPhase;
			buildActionMask = 2147483647;
			files = (
			);
			runOnlyForDeploymentPostprocessing = 0;
		};
/* End PBXFrameworksBuildPhase section */

/* Begin PBXGroup section */
		5B46469B2868E4F90008E16A /* sections */ = {
			isa = PBXGroup;
			children = (
				5BF0F4072869F81100A3D984 /* head-utf.h */,
				5B8D3FEC286F849600A41B40 /* head-asc.h */,
				5B8D3FED286F89AE00A41B40 /* includes.h */,
				5B4646B72868E8B00008E16A /* types.h */,
				5B4646B92868E9530008E16A /* iface.h */,
				5B4646B82868E9530008E16A /* iface.c */,
				5B4646BC2868EC8B0008E16A /* internal.h */,
				5B46469C2868E4F90008E16A /* internal.c */,
				5B4646BD2868EC8C0008E16A /* main.c */,
			);
			name = sections;
			path = ../sections;
			sourceTree = "<group>";
		};
		5B4646B62868E8230008E16A /* examples */ = {
			isa = PBXGroup;
			children = (
				5BFC19792867E3480045967A /* Type - UTF8 version */,
				5BFC197A2867E3660045967A /* Type - ASCII version */,
			);
			name = examples;
			sourceTree = "<group>";
		};
		5BFC19482867CFAE0045967A = {
			isa = PBXGroup;
			children = (
				5B4646B62868E8230008E16A /* examples */,
				5B46469B2868E4F90008E16A /* sections */,
				5B420ABC2875E3D800306BBB /* join-sections.c */,
				5B420ABE2875E58F00306BBB /* joincode.sh */,
				5BFC19522867CFAE0045967A /* Products */,
			);
			sourceTree = "<group>";
		};
		5BFC19522867CFAE0045967A /* Products */ = {
			isa = PBXGroup;
			children = (
				5BFC195F2867CFDE0045967A /* type */,
				5BFC196A2867CFEB0045967A /* typeasc */,
				5B4646A22868E5820008E16A /* sections-ascii */,
				5B4646AE2868E7850008E16A /* sections-utf8 */,
				5B420AB52875E39100306BBB /* join-sections */,
			);
			name = Products;
			sourceTree = "<group>";
		};
		5BFC19792867E3480045967A /* Type - UTF8 version */ = {
			isa = PBXGroup;
			children = (
				5BFC19712867D0AF0045967A /* linepro.h */,
				5BFC19742867D0E60045967A /* type.c */,
			);
			name = "Type - UTF8 version";
			sourceTree = "<group>";
		};
		5BFC197A2867E3660045967A /* Type - ASCII version */ = {
			isa = PBXGroup;
			children = (
				5BFC19722867D0AF0045967A /* lineproa.h */,
				5BFC19732867D0E60045967A /* typeasc.c */,
			);
			name = "Type - ASCII version";
			sourceTree = "<group>";
		};
/* End PBXGroup section */

/* Begin PBXNativeTarget section */
		5B420AB42875E39100306BBB /* join-sections */ = {
			isa = PBXNativeTarget;
			buildConfigurationList = 5B420ABB2875E39100306BBB /* Build configuration list for PBXNativeTarget "join-sections" */;
			buildPhases = (
				5B420AB12875E39100306BBB /* Sources */,
				5B420AB22875E39100306BBB /* Frameworks */,
				5B420AB32875E39100306BBB /* CopyFiles */,
			);
			buildRules = (
			);
			dependencies = (
			);
			name = "join-sections";
			productName = "join-sections";
			productReference = 5B420AB52875E39100306BBB /* join-sections */;
			productType = "com.apple.product-type.tool";
		};
		5B4646A12868E5820008E16A /* sections-ascii */ = {
			isa = PBXNativeTarget;
			buildConfigurationList = 5B4646A62868E5820008E16A /* Build configuration list for PBXNativeTarget "sections-ascii" */;
			buildPhases = (
				5B46469E2868E5820008E16A /* Sources */,
				5B46469F2868E5820008E16A /* Frameworks */,
				5B4646A02868E5820008E16A /* CopyFiles */,
			);
			buildRules = (
			);
			dependencies = (
			);
			name = "sections-ascii";
			productName = proto;
			productReference = 5B4646A22868E5820008E16A /* sections-ascii */;
			productType = "com.apple.product-type.tool";
		};
		5B4646AD2868E7850008E16A /* sections-utf8 */ = {
			isa = PBXNativeTarget;
			buildConfigurationList = 5B4646B22868E7850008E16A /* Build configuration list for PBXNativeTarget "sections-utf8" */;
			buildPhases = (
				5B4646AA2868E7850008E16A /* Sources */,
				5B4646AB2868E7850008E16A /* Frameworks */,
				5B4646AC2868E7850008E16A /* CopyFiles */,
			);
			buildRules = (
			);
			dependencies = (
			);
			name = "sections-utf8";
			productName = "sections-utf8";
			productReference = 5B4646AE2868E7850008E16A /* sections-utf8 */;
			productType = "com.apple.product-type.tool";
		};
		5BFC195E2867CFDE0045967A /* type */ = {
			isa = PBXNativeTarget;
			buildConfigurationList = 5BFC19632867CFDE0045967A /* Build configuration list for PBXNativeTarget "type" */;
			buildPhases = (
				5BFC195B2867CFDE0045967A /* Sources */,
				5BFC195C2867CFDE0045967A /* Frameworks */,
				5BFC195D2867CFDE0045967A /* CopyFiles */,
			);
			buildRules = (
			);
			dependencies = (
			);
			name = type;
			productName = acat;
			productReference = 5BFC195F2867CFDE0045967A /* type */;
			productType = "com.apple.product-type.tool";
		};
		5BFC19692867CFEB0045967A /* typeasc */ = {
			isa = PBXNativeTarget;
			buildConfigurationList = 5BFC196E2867CFEB0045967A /* Build configuration list for PBXNativeTarget "typeasc" */;
			buildPhases = (
				5BFC19662867CFEB0045967A /* Sources */,
				5BFC19672867CFEB0045967A /* Frameworks */,
				5BFC19682867CFEB0045967A /* CopyFiles */,
			);
			buildRules = (
			);
			dependencies = (
			);
			name = typeasc;
			productName = ucat;
			productReference = 5BFC196A2867CFEB0045967A /* typeasc */;
			productType = "com.apple.product-type.tool";
		};
/* End PBXNativeTarget section */

/* Begin PBXProject section */
		5BFC19492867CFAE0045967A /* Project object */ = {
			isa = PBXProject;
			attributes = {
				BuildIndependentTargetsInParallel = 1;
				LastUpgradeCheck = 1340;
				TargetAttributes = {
					5B420AB42875E39100306BBB = {
						CreatedOnToolsVersion = 13.4.1;
					};
					5B4646A12868E5820008E16A = {
						CreatedOnToolsVersion = 13.4.1;
					};
					5B4646AD2868E7850008E16A = {
						CreatedOnToolsVersion = 13.4.1;
					};
					5BFC195E2867CFDE0045967A = {
						CreatedOnToolsVersion = 13.4.1;
					};
					5BFC19692867CFEB0045967A = {
						CreatedOnToolsVersion = 13.4.1;
					};
				};
			};
			buildConfigurationList = 5BFC194C2867CFAE0045967A /* Build configuration list for PBXProject "LineProcessorLib" */;
			compatibilityVersion = "Xcode 13.0";
			developmentRegion = en;
			hasScannedForEncodings = 0;
			knownRegions = (
				en,
				Base,
			);
			mainGroup = 5BFC19482867CFAE0045967A;
			productRefGroup = 5BFC19522867CFAE0045967A /* Products */;
			projectDirPath = "";
			projectRoot = "";
			targets = (
				5B4646AD2868E7850008E16A /* sections-utf8 */,
				5B4646A12868E5820008E16A /* sections-ascii */,
				5BFC195E2867CFDE0045967A /* type */,
				5BFC19692867CFEB0045967A /* typeasc */,
				5B420AB42875E39100306BBB /* join-sections */,
			);
		};
/* End PBXProject section */

/* Begin PBXSourcesBuildPhase section */
		5B420AB12875E39100306BBB /* Sources */ = {
			isa = PBXSourcesBuildPhase;
			buildActionMask = 2147483647;
			files = (
				5B420ABD2875E3D800306BBB /* join-sections.c in Sources */,
			);
			runOnlyForDeploymentPostprocessing = 0;
		};
		5B46469E2868E5820008E16A /* Sources */ = {
			isa = PBXSourcesBuildPhase;
			buildActionMask = 2147483647;
			files = (
			);
			runOnlyForDeploymentPostprocessing = 0;
		};
		5B4646AA2868E7850008E16A /* Sources */ = {
			isa = PBXSourcesBuildPhase;
			buildActionMask = 2147483647;
			files = (
				5B4646BA2868E9530008E16A /* iface.c in Sources */,
				5B4646B52868E7BA0008E16A /* internal.c in Sources */,
				5B4646BE2868EC8C0008E16A /* main.c in Sources */,
			);
			runOnlyForDeploymentPostprocessing = 0;
		};
		5BFC195B2867CFDE0045967A /* Sources */ = {
			isa = PBXSourcesBuildPhase;
			buildActionMask = 2147483647;
			files = (
				5BFC19772867D0E60045967A /* type.c in Sources */,
			);
			runOnlyForDeploymentPostprocessing = 0;
		};
		5BFC19662867CFEB0045967A /* Sources */ = {
			isa = PBXSourcesBuildPhase;
			buildActionMask = 2147483647;
			files = (
				5BFC19762867D0E60045967A /* typeasc.c in Sources */,
			);
			runOnlyForDeploymentPostprocessing = 0;
		};
/* End PBXSourcesBuildPhase section */

/* Begin XCBuildConfiguration section */
		5B420AB92875E39100306BBB /* Debug */ = {
			isa = XCBuildConfiguration;
			buildSettings = {
				CODE_SIGN_STYLE = Automatic;
				PRODUCT_NAME = "$(TARGET_NAME)";
			};
			name = Debug;
		};
		5B420ABA2875E39100306BBB /* Release */ = {
			isa = XCBuildConfiguration;
			buildSettings = {
				CODE_SIGN_STYLE = Automatic;
				PRODUCT_NAME = "$(TARGET_NAME)";
			};
			name = Release;
		};
		5B4646A72868E5820008E16A /* Debug */ = {
			isa = XCBuildConfiguration;
			buildSettings = {
				CODE_SIGN_STYLE = Automatic;
				PRODUCT_NAME = "$(TARGET_NAME)";
			};
			name = Debug;
		};
		5B4646A82868E5820008E16A /* Release */ = {
			isa = XCBuildConfiguration;
			buildSettings = {
				CODE_SIGN_STYLE = Automatic;
				PRODUCT_NAME = "$(TARGET_NAME)";
			};
			name = Release;
		};
		5B4646B32868E7850008E16A /* Debug */ = {
			isa = XCBuildConfiguration;
			buildSettings = {
				CODE_SIGN_STYLE = Automatic;
				PRODUCT_NAME = "$(TARGET_NAME)";
			};
			name = Debug;
		};
		5B4646B42868E7850008E16A /* Release */ = {
			isa = XCBuildConfiguration;
			buildSettings = {
				CODE_SIGN_STYLE = Automatic;
				PRODUCT_NAME = "$(TARGET_NAME)";
			};
			name = Release;
		};
		5BFC19562867CFAE0045967A /* Debug */ = {
			isa = XCBuildConfiguration;
			buildSettings = {
				ALWAYS_SEARCH_USER_PATHS = NO;
				CLANG_ANALYZER_NONNULL = YES;
				CLANG_ANALYZER_NUMBER_OBJECT_CONVERSION = YES_AGGRESSIVE;
				CLANG_CXX_LANGUAGE_STANDARD = "gnu++17";
				CLANG_ENABLE_MODULES = YES;
				CLANG_ENABLE_OBJC_ARC = YES;
				CLANG_ENABLE_OBJC_WEAK = YES;
				CLANG_WARN_BLOCK_CAPTURE_AUTORELEASING = YES;
				CLANG_WARN_BOOL_CONVERSION = YES;
				CLANG_WARN_COMMA = YES;
				CLANG_WARN_CONSTANT_CONVERSION = YES;
				CLANG_WARN_DEPRECATED_OBJC_IMPLEMENTATIONS = YES;
				CLANG_WARN_DIRECT_OBJC_ISA_USAGE = YES_ERROR;
				CLANG_WARN_DOCUMENTATION_COMMENTS = YES;
				CLANG_WARN_EMPTY_BODY = YES;
				CLANG_WARN_ENUM_CONVERSION = YES;
				CLANG_WARN_INFINITE_RECURSION = YES;
				CLANG_WARN_INT_CONVERSION = YES;
				CLANG_WARN_NON_LITERAL_NULL_CONVERSION = YES;
				CLANG_WARN_OBJC_IMPLICIT_RETAIN_SELF = YES;
				CLANG_WARN_OBJC_LITERAL_CONVERSION = YES;
				CLANG_WARN_OBJC_ROOT_CLASS = YES_ERROR;
				CLANG_WARN_QUOTED_INCLUDE_IN_FRAMEWORK_HEADER = YES;
				CLANG_WARN_RANGE_LOOP_ANALYSIS = YES;
				CLANG_WARN_STRICT_PROTOTYPES = YES;
				CLANG_WARN_SUSPICIOUS_MOVE = YES;
				CLANG_WARN_UNGUARDED_AVAILABILITY = YES_AGGRESSIVE;
				CLANG_WARN_UNREACHABLE_CODE = YES;
				CLANG_WARN__DUPLICATE_METHOD_MATCH = YES;
				COPY_PHASE_STRIP = NO;
				DEBUG_INFORMATION_FORMAT = dwarf;
				ENABLE_STRICT_OBJC_MSGSEND = YES;
				ENABLE_TESTABILITY = YES;
				GCC_C_LANGUAGE_STANDARD = ansi;
				GCC_DYNAMIC_NO_PIC = NO;
				GCC_NO_COMMON_BLOCKS = YES;
				GCC_OPTIMIZATION_LEVEL = 0;
				GCC_PREPROCESSOR_DEFINITIONS = (
					"DEBUG=1",
					"$(inherited)",
				);
				GCC_WARN_64_TO_32_BIT_CONVERSION = YES;
				GCC_WARN_ABOUT_RETURN_TYPE = YES_ERROR;
				GCC_WARN_UNDECLARED_SELECTOR = YES;
				GCC_WARN_UNINITIALIZED_AUTOS = YES_AGGRESSIVE;
				GCC_WARN_UNUSED_FUNCTION = YES;
				GCC_WARN_UNUSED_VARIABLE = YES;
				MACOSX_DEPLOYMENT_TARGET = 12.3;
				MTL_ENABLE_DEBUG_INFO = INCLUDE_SOURCE;
				MTL_FAST_MATH = YES;
				ONLY_ACTIVE_ARCH = YES;
				SDKROOT = macosx;
			};
			name = Debug;
		};
		5BFC19572867CFAE0045967A /* Release */ = {
			isa = XCBuildConfiguration;
			buildSettings = {
				ALWAYS_SEARCH_USER_PATHS = NO;
				CLANG_ANALYZER_NONNULL = YES;
				CLANG_ANALYZER_NUMBER_OBJECT_CONVERSION = YES_AGGRESSIVE;
				CLANG_CXX_LANGUAGE_STANDARD = "gnu++17";
				CLANG_ENABLE_MODULES = YES;
				CLANG_ENABLE_OBJC_ARC = YES;
				CLANG_ENABLE_OBJC_WEAK = YES;
				CLANG_WARN_BLOCK_CAPTURE_AUTORELEASING = YES;
				CLANG_WARN_BOOL_CONVERSION = YES;
				CLANG_WARN_COMMA = YES;
				CLANG_WARN_CONSTANT_CONVERSION = YES;
				CLANG_WARN_DEPRECATED_OBJC_IMPLEMENTATIONS = YES;
				CLANG_WARN_DIRECT_OBJC_ISA_USAGE = YES_ERROR;
				CLANG_WARN_DOCUMENTATION_COMMENTS = YES;
				CLANG_WARN_EMPTY_BODY = YES;
				CLANG_WARN_ENUM_CONVERSION = YES;
				CLANG_WARN_INFINITE_RECURSION = YES;
				CLANG_WARN_INT_CONVERSION = YES;
				CLANG_WARN_NON_LITERAL_NULL_CONVERSION = YES;
				CLANG_WARN_OBJC_IMPLICIT_RETAIN_SELF = YES;
				CLANG_WARN_OBJC_LITERAL_CONVERSION = YES;
				CLANG_WARN_OBJC_ROOT_CLASS = YES_ERROR;
				CLANG_WARN_QUOTED_INCLUDE_IN_FRAMEWORK_HEADER = YES;
				CLANG_WARN_RANGE_LOOP_ANALYSIS = YES;
				CLANG_WARN_STRICT_PROTOTYPES = YES;
				CLANG_WARN_SUSPICIOUS_MOVE = YES;
				CLANG_WARN_UNGUARDED_AVAILABILITY = YES_AGGRESSIVE;
				CLANG_WARN_UNREACHABLE_CODE = YES;
				CLANG_WARN__DUPLICATE_METHOD_MATCH = YES;
				COPY_PHASE_STRIP = NO;
				DEBUG_INFORMATION_FORMAT = "dwarf-with-dsym";
				ENABLE_NS_ASSERTIONS = NO;
				ENABLE_STRICT_OBJC_MSGSEND = YES;
				GCC_C_LANGUAGE_STANDARD = ansi;
				GCC_NO_COMMON_BLOCKS = YES;
				GCC_WARN_64_TO_32_BIT_CONVERSION = YES;
				GCC_WARN_ABOUT_RETURN_TYPE = YES_ERROR;
				GCC_WARN_UNDECLARED_SELECTOR = YES;
				GCC_WARN_UNINITIALIZED_AUTOS = YES_AGGRESSIVE;
				GCC_WARN_UNUSED_FUNCTION = YES;
				GCC_WARN_UNUSED_VARIABLE = YES;
				MACOSX_DEPLOYMENT_TARGET = 12.3;
				MTL_ENABLE_DEBUG_INFO = NO;
				MTL_FAST_MATH = YES;
				SDKROOT = macosx;
			};
			name = Release;
		};
		5BFC19642867CFDE0045967A /* Debug */ = {
			isa = XCBuildConfiguration;
			buildSettings = {
				CODE_SIGN_STYLE = Automatic;
				PRODUCT_NAME = "$(TARGET_NAME)";
			};
			name = Debug;
		};
		5BFC19652867CFDE0045967A /* Release */ = {
			isa = XCBuildConfiguration;
			buildSettings = {
				CODE_SIGN_STYLE = Automatic;
				PRODUCT_NAME = "$(TARGET_NAME)";
			};
			name = Release;
		};
		5BFC196F2867CFEB0045967A /* Debug */ = {
			isa = XCBuildConfiguration;
			buildSettings = {
				CODE_SIGN_STYLE = Automatic;
				PRODUCT_NAME = "$(TARGET_NAME)";
			};
			name = Debug;
		};
		5BFC19702867CFEB0045967A /* Release */ = {
			isa = XCBuildConfiguration;
			buildSettings = {
				CODE_SIGN_STYLE = Automatic;
				PRODUCT_NAME = "$(TARGET_NAME)";
			};
			name = Release;
		};
/* End XCBuildConfiguration section */

/* Begin XCConfigurationList section */
		5B420ABB2875E39100306BBB /* Build configuration list for PBXNativeTarget "join-sections" */ = {
			isa = XCConfigurationList;
			buildConfigurations = (
				5B420AB92875E39100306BBB /* Debug */,
				5B420ABA2875E39100306BBB /* Release */,
			);
			defaultConfigurationIsVisible = 0;
			defaultConfigurationName = Release;
		};
		5B4646A62868E5820008E16A /* Build configuration list for PBXNativeTarget "sections-ascii" */ = {
			isa = XCConfigurationList;
			buildConfigurations = (
				5B4646A72868E5820008E16A /* Debug */,
				5B4646A82868E5820008E16A /* Release */,
			);
			defaultConfigurationIsVisible = 0;
			defaultConfigurationName = Release;
		};
		5B4646B22868E7850008E16A /* Build configuration list for PBXNativeTarget "sections-utf8" */ = {
			isa = XCConfigurationList;
			buildConfigurations = (
				5B4646B32868E7850008E16A /* Debug */,
				5B4646B42868E7850008E16A /* Release */,
			);
			defaultConfigurationIsVisible = 0;
			defaultConfigurationName = Release;
		};
		5BFC194C2867CFAE0045967A /* Build configuration list for PBXProject "LineProcessorLib" */ = {
			isa = XCConfigurationList;
			buildConfigurations = (
				5BFC19562867CFAE0045967A /* Debug */,
				5BFC19572867CFAE0045967A /* Release */,
			);
			defaultConfigurationIsVisible = 0;
			defaultConfigurationName = Release;
		};
		5BFC19632867CFDE0045967A /* Build configuration list for PBXNativeTarget "type" */ = {
			isa = XCConfigurationList;
			buildConfigurations = (
				5BFC19642867CFDE0045967A /* Debug */,
				5BFC19652867CFDE0045967A /* Release */,
			);
			defaultConfigurationIsVisible = 0;
			defaultConfigurationName = Release;
		};
		5BFC196E2867CFEB0045967A /* Build configuration list for PBXNativeTarget "typeasc" */ = {
			isa = XCConfigurationList;
			buildConfigurations = (
				5BFC196F2867CFEB0045967A /* Debug */,
				5BFC19702867CFEB0045967A /* Release */,
			);
			defaultConfigurationIsVisible = 0;
			defaultConfigurationName = Release;
		};
/* End XCConfigurationList section */
	};
	rootObject = 5BFC19492867CFAE0045967A /* Project object */;
}
