// !$*UTF8*$!
{
	archiveVersion = 1;
	classes = {
	};
	objectVersion = 55;
	objects = {

/* Begin PBXBuildFile section */
		5BFC19762867D0E60045967A /* typeasc.c in Sources */ = {isa = PBXBuildFile; fileRef = 5BFC19732867D0E60045967A /* typeasc.c */; };
		5BFC19772867D0E60045967A /* type.c in Sources */ = {isa = PBXBuildFile; fileRef = 5BFC19742867D0E60045967A /* type.c */; };
/* End PBXBuildFile section */

/* Begin PBXCopyFilesBuildPhase section */
		5BFC195D2867CFDE0045967A /* CopyFiles */ = {
			isa = PBXCopyFilesBuildPhase;
			buildActionMask = 2147483647;
			dstPath = /usr/share/man/man1/;
			dstSubfolderSpec = 0;
			files = (
			);
			runOnlyForDeploymentPostprocessing = 1;
		};
		5BFC19682867CFEB0045967A /* CopyFiles */ = {
			isa = PBXCopyFilesBuildPhase;
			buildActionMask = 2147483647;
			dstPath = /usr/share/man/man1/;
			dstSubfolderSpec = 0;
			files = (
			);
			runOnlyForDeploymentPostprocessing = 1;
		};
/* End PBXCopyFilesBuildPhase section */

/* Begin PBXFileReference section */
		5BFC195F2867CFDE0045967A /* type */ = {isa = PBXFileReference; explicitFileType = "compiled.mach-o.executable"; includeInIndex = 0; path = type; sourceTree = BUILT_PRODUCTS_DIR; };
		5BFC196A2867CFEB0045967A /* typeasc */ = {isa = PBXFileReference; explicitFileType = "compiled.mach-o.executable"; includeInIndex = 0; path = typeasc; sourceTree = BUILT_PRODUCTS_DIR; };
		5BFC19712867D0AF0045967A /* linepro.h */ = {isa = PBXFileReference; fileEncoding = 4; lastKnownFileType = sourcecode.c.h; name = linepro.h; path = ../../linepro.h; sourceTree = "<group>"; };
		5BFC19722867D0AF0045967A /* lineproa.h */ = {isa = PBXFileReference; fileEncoding = 4; lastKnownFileType = sourcecode.c.h; name = lineproa.h; path = ../../lineproa.h; sourceTree = "<group>"; };
		5BFC19732867D0E60045967A /* typeasc.c */ = {isa = PBXFileReference; fileEncoding = 4; lastKnownFileType = sourcecode.c.c; name = typeasc.c; path = ../examples/typeasc.c; sourceTree = "<group>"; };
		5BFC19742867D0E60045967A /* type.c */ = {isa = PBXFileReference; fileEncoding = 4; lastKnownFileType = sourcecode.c.c; name = type.c; path = ../examples/type.c; sourceTree = "<group>"; };
/* End PBXFileReference section */

/* Begin PBXFrameworksBuildPhase section */
		5BFC195C2867CFDE0045967A /* Frameworks */ = {
			isa = PBXFrameworksBuildPhase;
			buildActionMask = 2147483647;
			files = (
			);
			runOnlyForDeploymentPostprocessing = 0;
		};
		5BFC19672867CFEB0045967A /* Frameworks */ = {
			isa = PBXFrameworksBuildPhase;
			buildActionMask = 2147483647;
			files = (
			);
			runOnlyForDeploymentPostprocessing = 0;
		};
/* End PBXFrameworksBuildPhase section */

/* Begin PBXGroup section */
		5BFC19482867CFAE0045967A = {
			isa = PBXGroup;
			children = (
				5BFC197A2867E3660045967A /* The ASCII version */,
				5BFC19792867E3480045967A /* The UTF8 version */,
				5BFC19522867CFAE0045967A /* Products */,
			);
			sourceTree = "<group>";
		};
		5BFC19522867CFAE0045967A /* Products */ = {
			isa = PBXGroup;
			children = (
				5BFC195F2867CFDE0045967A /* type */,
				5BFC196A2867CFEB0045967A /* typeasc */,
			);
			name = Products;
			sourceTree = "<group>";
		};
		5BFC19792867E3480045967A /* The UTF8 version */ = {
			isa = PBXGroup;
			children = (
				5BFC19712867D0AF0045967A /* linepro.h */,
				5BFC19742867D0E60045967A /* type.c */,
			);
			name = "The UTF8 version";
			sourceTree = "<group>";
		};
		5BFC197A2867E3660045967A /* The ASCII version */ = {
			isa = PBXGroup;
			children = (
				5BFC19722867D0AF0045967A /* lineproa.h */,
				5BFC19732867D0E60045967A /* typeasc.c */,
			);
			name = "The ASCII version";
			sourceTree = "<group>";
		};
/* End PBXGroup section */

/* Begin PBXNativeTarget section */
		5BFC195E2867CFDE0045967A /* type */ = {
			isa = PBXNativeTarget;
			buildConfigurationList = 5BFC19632867CFDE0045967A /* Build configuration list for PBXNativeTarget "type" */;
			buildPhases = (
				5BFC195B2867CFDE0045967A /* Sources */,
				5BFC195C2867CFDE0045967A /* Frameworks */,
				5BFC195D2867CFDE0045967A /* CopyFiles */,
			);
			buildRules = (
			);
			dependencies = (
			);
			name = type;
			productName = acat;
			productReference = 5BFC195F2867CFDE0045967A /* type */;
			productType = "com.apple.product-type.tool";
		};
		5BFC19692867CFEB0045967A /* typeasc */ = {
			isa = PBXNativeTarget;
			buildConfigurationList = 5BFC196E2867CFEB0045967A /* Build configuration list for PBXNativeTarget "typeasc" */;
			buildPhases = (
				5BFC19662867CFEB0045967A /* Sources */,
				5BFC19672867CFEB0045967A /* Frameworks */,
				5BFC19682867CFEB0045967A /* CopyFiles */,
			);
			buildRules = (
			);
			dependencies = (
			);
			name = typeasc;
			productName = ucat;
			productReference = 5BFC196A2867CFEB0045967A /* typeasc */;
			productType = "com.apple.product-type.tool";
		};
/* End PBXNativeTarget section */

/* Begin PBXProject section */
		5BFC19492867CFAE0045967A /* Project object */ = {
			isa = PBXProject;
			attributes = {
				BuildIndependentTargetsInParallel = 1;
				LastUpgradeCheck = 1340;
				TargetAttributes = {
					5BFC195E2867CFDE0045967A = {
						CreatedOnToolsVersion = 13.4.1;
					};
					5BFC19692867CFEB0045967A = {
						CreatedOnToolsVersion = 13.4.1;
					};
				};
			};
			buildConfigurationList = 5BFC194C2867CFAE0045967A /* Build configuration list for PBXProject "LineProcessorLib" */;
			compatibilityVersion = "Xcode 13.0";
			developmentRegion = en;
			hasScannedForEncodings = 0;
			knownRegions = (
				en,
				Base,
			);
			mainGroup = 5BFC19482867CFAE0045967A;
			productRefGroup = 5BFC19522867CFAE0045967A /* Products */;
			projectDirPath = "";
			projectRoot = "";
			targets = (
				5BFC195E2867CFDE0045967A /* type */,
				5BFC19692867CFEB0045967A /* typeasc */,
			);
		};
/* End PBXProject section */

/* Begin PBXSourcesBuildPhase section */
		5BFC195B2867CFDE0045967A /* Sources */ = {
			isa = PBXSourcesBuildPhase;
			buildActionMask = 2147483647;
			files = (
				5BFC19772867D0E60045967A /* type.c in Sources */,
			);
			runOnlyForDeploymentPostprocessing = 0;
		};
		5BFC19662867CFEB0045967A /* Sources */ = {
			isa = PBXSourcesBuildPhase;
			buildActionMask = 2147483647;
			files = (
				5BFC19762867D0E60045967A /* typeasc.c in Sources */,
			);
			runOnlyForDeploymentPostprocessing = 0;
		};
/* End PBXSourcesBuildPhase section */

/* Begin XCBuildConfiguration section */
		5BFC19562867CFAE0045967A /* Debug */ = {
			isa = XCBuildConfiguration;
			buildSettings = {
				ALWAYS_SEARCH_USER_PATHS = NO;
				CLANG_ANALYZER_NONNULL = YES;
				CLANG_ANALYZER_NUMBER_OBJECT_CONVERSION = YES_AGGRESSIVE;
				CLANG_CXX_LANGUAGE_STANDARD = "gnu++17";
				CLANG_ENABLE_MODULES = YES;
				CLANG_ENABLE_OBJC_ARC = YES;
				CLANG_ENABLE_OBJC_WEAK = YES;
				CLANG_WARN_BLOCK_CAPTURE_AUTORELEASING = YES;
				CLANG_WARN_BOOL_CONVERSION = YES;
				CLANG_WARN_COMMA = YES;
				CLANG_WARN_CONSTANT_CONVERSION = YES;
				CLANG_WARN_DEPRECATED_OBJC_IMPLEMENTATIONS = YES;
				CLANG_WARN_DIRECT_OBJC_ISA_USAGE = YES_ERROR;
				CLANG_WARN_DOCUMENTATION_COMMENTS = YES;
				CLANG_WARN_EMPTY_BODY = YES;
				CLANG_WARN_ENUM_CONVERSION = YES;
				CLANG_WARN_INFINITE_RECURSION = YES;
				CLANG_WARN_INT_CONVERSION = YES;
				CLANG_WARN_NON_LITERAL_NULL_CONVERSION = YES;
				CLANG_WARN_OBJC_IMPLICIT_RETAIN_SELF = YES;
				CLANG_WARN_OBJC_LITERAL_CONVERSION = YES;
				CLANG_WARN_OBJC_ROOT_CLASS = YES_ERROR;
				CLANG_WARN_QUOTED_INCLUDE_IN_FRAMEWORK_HEADER = YES;
				CLANG_WARN_RANGE_LOOP_ANALYSIS = YES;
				CLANG_WARN_STRICT_PROTOTYPES = YES;
				CLANG_WARN_SUSPICIOUS_MOVE = YES;
				CLANG_WARN_UNGUARDED_AVAILABILITY = YES_AGGRESSIVE;
				CLANG_WARN_UNREACHABLE_CODE = YES;
				CLANG_WARN__DUPLICATE_METHOD_MATCH = YES;
				COPY_PHASE_STRIP = NO;
				DEBUG_INFORMATION_FORMAT = dwarf;
				ENABLE_STRICT_OBJC_MSGSEND = YES;
				ENABLE_TESTABILITY = YES;
				GCC_C_LANGUAGE_STANDARD = gnu11;
				GCC_DYNAMIC_NO_PIC = NO;
				GCC_NO_COMMON_BLOCKS = YES;
				GCC_OPTIMIZATION_LEVEL = 0;
				GCC_PREPROCESSOR_DEFINITIONS = (
					"DEBUG=1",
					"$(inherited)",
				);
				GCC_WARN_64_TO_32_BIT_CONVERSION = YES;
				GCC_WARN_ABOUT_RETURN_TYPE = YES_ERROR;
				GCC_WARN_UNDECLARED_SELECTOR = YES;
				GCC_WARN_UNINITIALIZED_AUTOS = YES_AGGRESSIVE;
				GCC_WARN_UNUSED_FUNCTION = YES;
				GCC_WARN_UNUSED_VARIABLE = YES;
				MACOSX_DEPLOYMENT_TARGET = 12.3;
				MTL_ENABLE_DEBUG_INFO = INCLUDE_SOURCE;
				MTL_FAST_MATH = YES;
				ONLY_ACTIVE_ARCH = YES;
				SDKROOT = macosx;
			};
			name = Debug;
		};
		5BFC19572867CFAE0045967A /* Release */ = {
			isa = XCBuildConfiguration;
			buildSettings = {
				ALWAYS_SEARCH_USER_PATHS = NO;
				CLANG_ANALYZER_NONNULL = YES;
				CLANG_ANALYZER_NUMBER_OBJECT_CONVERSION = YES_AGGRESSIVE;
				CLANG_CXX_LANGUAGE_STANDARD = "gnu++17";
				CLANG_ENABLE_MODULES = YES;
				CLANG_ENABLE_OBJC_ARC = YES;
				CLANG_ENABLE_OBJC_WEAK = YES;
				CLANG_WARN_BLOCK_CAPTURE_AUTORELEASING = YES;
				CLANG_WARN_BOOL_CONVERSION = YES;
				CLANG_WARN_COMMA = YES;
				CLANG_WARN_CONSTANT_CONVERSION = YES;
				CLANG_WARN_DEPRECATED_OBJC_IMPLEMENTATIONS = YES;
				CLANG_WARN_DIRECT_OBJC_ISA_USAGE = YES_ERROR;
				CLANG_WARN_DOCUMENTATION_COMMENTS = YES;
				CLANG_WARN_EMPTY_BODY = YES;
				CLANG_WARN_ENUM_CONVERSION = YES;
				CLANG_WARN_INFINITE_RECURSION = YES;
				CLANG_WARN_INT_CONVERSION = YES;
				CLANG_WARN_NON_LITERAL_NULL_CONVERSION = YES;
				CLANG_WARN_OBJC_IMPLICIT_RETAIN_SELF = YES;
				CLANG_WARN_OBJC_LITERAL_CONVERSION = YES;
				CLANG_WARN_OBJC_ROOT_CLASS = YES_ERROR;
				CLANG_WARN_QUOTED_INCLUDE_IN_FRAMEWORK_HEADER = YES;
				CLANG_WARN_RANGE_LOOP_ANALYSIS = YES;
				CLANG_WARN_STRICT_PROTOTYPES = YES;
				CLANG_WARN_SUSPICIOUS_MOVE = YES;
				CLANG_WARN_UNGUARDED_AVAILABILITY = YES_AGGRESSIVE;
				CLANG_WARN_UNREACHABLE_CODE = YES;
				CLANG_WARN__DUPLICATE_METHOD_MATCH = YES;
				COPY_PHASE_STRIP = NO;
				DEBUG_INFORMATION_FORMAT = "dwarf-with-dsym";
				ENABLE_NS_ASSERTIONS = NO;
				ENABLE_STRICT_OBJC_MSGSEND = YES;
				GCC_C_LANGUAGE_STANDARD = gnu11;
				GCC_NO_COMMON_BLOCKS = YES;
				GCC_WARN_64_TO_32_BIT_CONVERSION = YES;
				GCC_WARN_ABOUT_RETURN_TYPE = YES_ERROR;
				GCC_WARN_UNDECLARED_SELECTOR = YES;
				GCC_WARN_UNINITIALIZED_AUTOS = YES_AGGRESSIVE;
				GCC_WARN_UNUSED_FUNCTION = YES;
				GCC_WARN_UNUSED_VARIABLE = YES;
				MACOSX_DEPLOYMENT_TARGET = 12.3;
				MTL_ENABLE_DEBUG_INFO = NO;
				MTL_FAST_MATH = YES;
				SDKROOT = macosx;
			};
			name = Release;
		};
		5BFC19642867CFDE0045967A /* Debug */ = {
			isa = XCBuildConfiguration;
			buildSettings = {
				CODE_SIGN_STYLE = Automatic;
				PRODUCT_NAME = "$(TARGET_NAME)";
			};
			name = Debug;
		};
		5BFC19652867CFDE0045967A /* Release */ = {
			isa = XCBuildConfiguration;
			buildSettings = {
				CODE_SIGN_STYLE = Automatic;
				PRODUCT_NAME = "$(TARGET_NAME)";
			};
			name = Release;
		};
		5BFC196F2867CFEB0045967A /* Debug */ = {
			isa = XCBuildConfiguration;
			buildSettings = {
				CODE_SIGN_STYLE = Automatic;
				PRODUCT_NAME = "$(TARGET_NAME)";
			};
			name = Debug;
		};
		5BFC19702867CFEB0045967A /* Release */ = {
			isa = XCBuildConfiguration;
			buildSettings = {
				CODE_SIGN_STYLE = Automatic;
				PRODUCT_NAME = "$(TARGET_NAME)";
			};
			name = Release;
		};
/* End XCBuildConfiguration section */

/* Begin XCConfigurationList section */
		5BFC194C2867CFAE0045967A /* Build configuration list for PBXProject "LineProcessorLib" */ = {
			isa = XCConfigurationList;
			buildConfigurations = (
				5BFC19562867CFAE0045967A /* Debug */,
				5BFC19572867CFAE0045967A /* Release */,
			);
			defaultConfigurationIsVisible = 0;
			defaultConfigurationName = Release;
		};
		5BFC19632867CFDE0045967A /* Build configuration list for PBXNativeTarget "type" */ = {
			isa = XCConfigurationList;
			buildConfigurations = (
				5BFC19642867CFDE0045967A /* Debug */,
				5BFC19652867CFDE0045967A /* Release */,
			);
			defaultConfigurationIsVisible = 0;
			defaultConfigurationName = Release;
		};
		5BFC196E2867CFEB0045967A /* Build configuration list for PBXNativeTarget "typeasc" */ = {
			isa = XCConfigurationList;
			buildConfigurations = (
				5BFC196F2867CFEB0045967A /* Debug */,
				5BFC19702867CFEB0045967A /* Release */,
			);
			defaultConfigurationIsVisible = 0;
			defaultConfigurationName = Release;
		};
/* End XCConfigurationList section */
	};
	rootObject = 5BFC19492867CFAE0045967A /* Project object */;
}
